
Microsoft Visual Studio Solution File, Format Version 12.00
# Visual Studio 15
VisualStudioVersion = 15.0.27004.2010
MinimumVisualStudioVersion = 10.0.40219.1
Project("{8BC9CEB8-8B4A-11D0-8D11-00A0C91BC942}") = "literal", "literal\literal.vcxproj", "{B49ACD8E-085F-4067-B1AE-8A3788D76EF0}"
EndProject
Project("{8BC9CEB8-8B4A-11D0-8D11-00A0C91BC942}") = "return type deduction for normal functions", "return type deduction for normal functions\return type deduction for normal functions.vcxproj", "{7B506497-22B9-49DC-B32D-823D12DB1312}"
EndProject
Project("{8BC9CEB8-8B4A-11D0-8D11-00A0C91BC942}") = "decltype(auto)", "decltype(auto)\decltype(auto).vcxproj", "{B1355B1E-235A-4C5B-BD73-D71F6EA6CB29}"
EndProject
Project("{8BC9CEB8-8B4A-11D0-8D11-00A0C91BC942}") = "init-capture", "init-capture\init-capture.vcxproj", "{B6AD836E-8446-419F-BA18-35441B5B6444}"
EndProject
Project("{8BC9CEB8-8B4A-11D0-8D11-00A0C91BC942}") = "Generic Lambda", "Generic Lambda\Generic Lambda.vcxproj", "{2E70752B-09A6-44AA-9A69-FBF1D2CEDA65}"
EndProject
Project("{8BC9CEB8-8B4A-11D0-8D11-00A0C91BC942}") = "Variable Templates", "Variable Templates\Variable Templates.vcxproj", "{3F749A1A-0026-45EA-9C12-37D479C6A7B0}"
EndProject
Project("{8BC9CEB8-8B4A-11D0-8D11-00A0C91BC942}") = "deprecated attribute", "deprecated attribute\deprecated attribute.vcxproj", "{22771EA1-632B-4BBF-9B63-364AAD8DF549}"
EndProject
Project("{8BC9CEB8-8B4A-11D0-8D11-00A0C91BC942}") = "Digit Separators", "Digit Separators\Digit Separators.vcxproj", "{36AF1A58-BC79-437F-986B-A7DF922C54A3}"
EndProject
Project("{8BC9CEB8-8B4A-11D0-8D11-00A0C91BC942}") = "Sized Deallocation", "Sized Deallocation\Sized Deallocation.vcxproj", "{383C64E8-BD9D-4C1A-972A-FEC01307B2A9}"
EndProject
Project("{8BC9CEB8-8B4A-11D0-8D11-00A0C91BC942}") = "std make_unique", "std make_unique\std make_unique.vcxproj", "{0ACFCF25-7F34-4291-AF72-5FF12A138EF2}"
EndProject
Project("{8BC9CEB8-8B4A-11D0-8D11-00A0C91BC942}") = "std quoted", "std quoted\std quoted.vcxproj", "{586BB74F-6CBA-4C4D-9EB3-BD9482FD826F}"
EndProject
Project("{8BC9CEB8-8B4A-11D0-8D11-00A0C91BC942}") = "String Literals", "String Literals\String Literals.vcxproj", "{6B85F1E8-F479-49F6-AAE8-686FCF38C721}"
EndProject
Project("{8BC9CEB8-8B4A-11D0-8D11-00A0C91BC942}") = "Chrono Literals", "Chrono Literals\Chrono Literals.vcxproj", "{0833A8F6-9976-445B-BB8E-4F1090A4BF51}"
EndProject
Project("{8BC9CEB8-8B4A-11D0-8D11-00A0C91BC942}") = "Complex Literals", "Complex Literals\Complex Literals.vcxproj", "{64BF04A7-7700-4D3D-832C-F2E0C1B0EBF0}"
EndProject
Global
	GlobalSection(SolutionConfigurationPlatforms) = preSolution
		Debug|x64 = Debug|x64
		Debug|x86 = Debug|x86
		Release|x64 = Release|x64
		Release|x86 = Release|x86
	EndGlobalSection
	GlobalSection(ProjectConfigurationPlatforms) = postSolution
		{B49ACD8E-085F-4067-B1AE-8A3788D76EF0}.Debug|x64.ActiveCfg = Debug|x64
		{B49ACD8E-085F-4067-B1AE-8A3788D76EF0}.Debug|x64.Build.0 = Debug|x64
		{B49ACD8E-085F-4067-B1AE-8A3788D76EF0}.Debug|x86.ActiveCfg = Debug|Win32
		{B49ACD8E-085F-4067-B1AE-8A3788D76EF0}.Debug|x86.Build.0 = Debug|Win32
		{B49ACD8E-085F-4067-B1AE-8A3788D76EF0}.Release|x64.ActiveCfg = Release|x64
		{B49ACD8E-085F-4067-B1AE-8A3788D76EF0}.Release|x64.Build.0 = Release|x64
		{B49ACD8E-085F-4067-B1AE-8A3788D76EF0}.Release|x86.ActiveCfg = Release|Win32
		{B49ACD8E-085F-4067-B1AE-8A3788D76EF0}.Release|x86.Build.0 = Release|Win32
		{7B506497-22B9-49DC-B32D-823D12DB1312}.Debug|x64.ActiveCfg = Debug|x64
		{7B506497-22B9-49DC-B32D-823D12DB1312}.Debug|x64.Build.0 = Debug|x64
		{7B506497-22B9-49DC-B32D-823D12DB1312}.Debug|x86.ActiveCfg = Debug|Win32
		{7B506497-22B9-49DC-B32D-823D12DB1312}.Debug|x86.Build.0 = Debug|Win32
		{7B506497-22B9-49DC-B32D-823D12DB1312}.Release|x64.ActiveCfg = Release|x64
		{7B506497-22B9-49DC-B32D-823D12DB1312}.Release|x64.Build.0 = Release|x64
		{7B506497-22B9-49DC-B32D-823D12DB1312}.Release|x86.ActiveCfg = Release|Win32
		{7B506497-22B9-49DC-B32D-823D12DB1312}.Release|x86.Build.0 = Release|Win32
		{B1355B1E-235A-4C5B-BD73-D71F6EA6CB29}.Debug|x64.ActiveCfg = Debug|x64
		{B1355B1E-235A-4C5B-BD73-D71F6EA6CB29}.Debug|x64.Build.0 = Debug|x64
		{B1355B1E-235A-4C5B-BD73-D71F6EA6CB29}.Debug|x86.ActiveCfg = Debug|Win32
		{B1355B1E-235A-4C5B-BD73-D71F6EA6CB29}.Debug|x86.Build.0 = Debug|Win32
		{B1355B1E-235A-4C5B-BD73-D71F6EA6CB29}.Release|x64.ActiveCfg = Release|x64
		{B1355B1E-235A-4C5B-BD73-D71F6EA6CB29}.Release|x64.Build.0 = Release|x64
		{B1355B1E-235A-4C5B-BD73-D71F6EA6CB29}.Release|x86.ActiveCfg = Release|Win32
		{B1355B1E-235A-4C5B-BD73-D71F6EA6CB29}.Release|x86.Build.0 = Release|Win32
		{B6AD836E-8446-419F-BA18-35441B5B6444}.Debug|x64.ActiveCfg = Debug|x64
		{B6AD836E-8446-419F-BA18-35441B5B6444}.Debug|x64.Build.0 = Debug|x64
		{B6AD836E-8446-419F-BA18-35441B5B6444}.Debug|x86.ActiveCfg = Debug|Win32
		{B6AD836E-8446-419F-BA18-35441B5B6444}.Debug|x86.Build.0 = Debug|Win32
		{B6AD836E-8446-419F-BA18-35441B5B6444}.Release|x64.ActiveCfg = Release|x64
		{B6AD836E-8446-419F-BA18-35441B5B6444}.Release|x64.Build.0 = Release|x64
		{B6AD836E-8446-419F-BA18-35441B5B6444}.Release|x86.ActiveCfg = Release|Win32
		{B6AD836E-8446-419F-BA18-35441B5B6444}.Release|x86.Build.0 = Release|Win32
		{2E70752B-09A6-44AA-9A69-FBF1D2CEDA65}.Debug|x64.ActiveCfg = Debug|x64
		{2E70752B-09A6-44AA-9A69-FBF1D2CEDA65}.Debug|x64.Build.0 = Debug|x64
		{2E70752B-09A6-44AA-9A69-FBF1D2CEDA65}.Debug|x86.ActiveCfg = Debug|Win32
		{2E70752B-09A6-44AA-9A69-FBF1D2CEDA65}.Debug|x86.Build.0 = Debug|Win32
		{2E70752B-09A6-44AA-9A69-FBF1D2CEDA65}.Release|x64.ActiveCfg = Release|x64
		{2E70752B-09A6-44AA-9A69-FBF1D2CEDA65}.Release|x64.Build.0 = Release|x64
		{2E70752B-09A6-44AA-9A69-FBF1D2CEDA65}.Release|x86.ActiveCfg = Release|Win32
		{2E70752B-09A6-44AA-9A69-FBF1D2CEDA65}.Release|x86.Build.0 = Release|Win32
		{3F749A1A-0026-45EA-9C12-37D479C6A7B0}.Debug|x64.ActiveCfg = Debug|x64
		{3F749A1A-0026-45EA-9C12-37D479C6A7B0}.Debug|x64.Build.0 = Debug|x64
		{3F749A1A-0026-45EA-9C12-37D479C6A7B0}.Debug|x86.ActiveCfg = Debug|Win32
		{3F749A1A-0026-45EA-9C12-37D479C6A7B0}.Debug|x86.Build.0 = Debug|Win32
		{3F749A1A-0026-45EA-9C12-37D479C6A7B0}.Release|x64.ActiveCfg = Release|x64
		{3F749A1A-0026-45EA-9C12-37D479C6A7B0}.Release|x64.Build.0 = Release|x64
		{3F749A1A-0026-45EA-9C12-37D479C6A7B0}.Release|x86.ActiveCfg = Release|Win32
		{3F749A1A-0026-45EA-9C12-37D479C6A7B0}.Release|x86.Build.0 = Release|Win32
		{22771EA1-632B-4BBF-9B63-364AAD8DF549}.Debug|x64.ActiveCfg = Debug|x64
		{22771EA1-632B-4BBF-9B63-364AAD8DF549}.Debug|x64.Build.0 = Debug|x64
		{22771EA1-632B-4BBF-9B63-364AAD8DF549}.Debug|x86.ActiveCfg = Debug|Win32
		{22771EA1-632B-4BBF-9B63-364AAD8DF549}.Debug|x86.Build.0 = Debug|Win32
		{22771EA1-632B-4BBF-9B63-364AAD8DF549}.Release|x64.ActiveCfg = Release|x64
		{22771EA1-632B-4BBF-9B63-364AAD8DF549}.Release|x64.Build.0 = Release|x64
		{22771EA1-632B-4BBF-9B63-364AAD8DF549}.Release|x86.ActiveCfg = Release|Win32
		{22771EA1-632B-4BBF-9B63-364AAD8DF549}.Release|x86.Build.0 = Release|Win32
		{36AF1A58-BC79-437F-986B-A7DF922C54A3}.Debug|x64.ActiveCfg = Debug|x64
		{36AF1A58-BC79-437F-986B-A7DF922C54A3}.Debug|x64.Build.0 = Debug|x64
		{36AF1A58-BC79-437F-986B-A7DF922C54A3}.Debug|x86.ActiveCfg = Debug|Win32
		{36AF1A58-BC79-437F-986B-A7DF922C54A3}.Debug|x86.Build.0 = Debug|Win32
		{36AF1A58-BC79-437F-986B-A7DF922C54A3}.Release|x64.ActiveCfg = Release|x64
		{36AF1A58-BC79-437F-986B-A7DF922C54A3}.Release|x64.Build.0 = Release|x64
		{36AF1A58-BC79-437F-986B-A7DF922C54A3}.Release|x86.ActiveCfg = Release|Win32
		{36AF1A58-BC79-437F-986B-A7DF922C54A3}.Release|x86.Build.0 = Release|Win32
		{383C64E8-BD9D-4C1A-972A-FEC01307B2A9}.Debug|x64.ActiveCfg = Debug|x64
		{383C64E8-BD9D-4C1A-972A-FEC01307B2A9}.Debug|x64.Build.0 = Debug|x64
		{383C64E8-BD9D-4C1A-972A-FEC01307B2A9}.Debug|x86.ActiveCfg = Debug|Win32
		{383C64E8-BD9D-4C1A-972A-FEC01307B2A9}.Debug|x86.Build.0 = Debug|Win32
		{383C64E8-BD9D-4C1A-972A-FEC01307B2A9}.Release|x64.ActiveCfg = Release|x64
		{383C64E8-BD9D-4C1A-972A-FEC01307B2A9}.Release|x64.Build.0 = Release|x64
		{383C64E8-BD9D-4C1A-972A-FEC01307B2A9}.Release|x86.ActiveCfg = Release|Win32
		{383C64E8-BD9D-4C1A-972A-FEC01307B2A9}.Release|x86.Build.0 = Release|Win32
		{0ACFCF25-7F34-4291-AF72-5FF12A138EF2}.Debug|x64.ActiveCfg = Debug|x64
		{0ACFCF25-7F34-4291-AF72-5FF12A138EF2}.Debug|x64.Build.0 = Debug|x64
		{0ACFCF25-7F34-4291-AF72-5FF12A138EF2}.Debug|x86.ActiveCfg = Debug|Win32
		{0ACFCF25-7F34-4291-AF72-5FF12A138EF2}.Debug|x86.Build.0 = Debug|Win32
		{0ACFCF25-7F34-4291-AF72-5FF12A138EF2}.Release|x64.ActiveCfg = Release|x64
		{0ACFCF25-7F34-4291-AF72-5FF12A138EF2}.Release|x64.Build.0 = Release|x64
		{0ACFCF25-7F34-4291-AF72-5FF12A138EF2}.Release|x86.ActiveCfg = Release|Win32
		{0ACFCF25-7F34-4291-AF72-5FF12A138EF2}.Release|x86.Build.0 = Release|Win32
		{586BB74F-6CBA-4C4D-9EB3-BD9482FD826F}.Debug|x64.ActiveCfg = Debug|x64
		{586BB74F-6CBA-4C4D-9EB3-BD9482FD826F}.Debug|x64.Build.0 = Debug|x64
		{586BB74F-6CBA-4C4D-9EB3-BD9482FD826F}.Debug|x86.ActiveCfg = Debug|Win32
		{586BB74F-6CBA-4C4D-9EB3-BD9482FD826F}.Debug|x86.Build.0 = Debug|Win32
		{586BB74F-6CBA-4C4D-9EB3-BD9482FD826F}.Release|x64.ActiveCfg = Release|x64
		{586BB74F-6CBA-4C4D-9EB3-BD9482FD826F}.Release|x64.Build.0 = Release|x64
		{586BB74F-6CBA-4C4D-9EB3-BD9482FD826F}.Release|x86.ActiveCfg = Release|Win32
		{586BB74F-6CBA-4C4D-9EB3-BD9482FD826F}.Release|x86.Build.0 = Release|Win32
		{6B85F1E8-F479-49F6-AAE8-686FCF38C721}.Debug|x64.ActiveCfg = Debug|x64
		{6B85F1E8-F479-49F6-AAE8-686FCF38C721}.Debug|x64.Build.0 = Debug|x64
		{6B85F1E8-F479-49F6-AAE8-686FCF38C721}.Debug|x86.ActiveCfg = Debug|Win32
		{6B85F1E8-F479-49F6-AAE8-686FCF38C721}.Debug|x86.Build.0 = Debug|Win32
		{6B85F1E8-F479-49F6-AAE8-686FCF38C721}.Release|x64.ActiveCfg = Release|x64
		{6B85F1E8-F479-49F6-AAE8-686FCF38C721}.Release|x64.Build.0 = Release|x64
		{6B85F1E8-F479-49F6-AAE8-686FCF38C721}.Release|x86.ActiveCfg = Release|Win32
		{6B85F1E8-F479-49F6-AAE8-686FCF38C721}.Release|x86.Build.0 = Release|Win32
		{0833A8F6-9976-445B-BB8E-4F1090A4BF51}.Debug|x64.ActiveCfg = Debug|x64
		{0833A8F6-9976-445B-BB8E-4F1090A4BF51}.Debug|x64.Build.0 = Debug|x64
		{0833A8F6-9976-445B-BB8E-4F1090A4BF51}.Debug|x86.ActiveCfg = Debug|Win32
		{0833A8F6-9976-445B-BB8E-4F1090A4BF51}.Debug|x86.Build.0 = Debug|Win32
		{0833A8F6-9976-445B-BB8E-4F1090A4BF51}.Release|x64.ActiveCfg = Release|x64
		{0833A8F6-9976-445B-BB8E-4F1090A4BF51}.Release|x64.Build.0 = Release|x64
		{0833A8F6-9976-445B-BB8E-4F1090A4BF51}.Release|x86.ActiveCfg = Release|Win32
		{0833A8F6-9976-445B-BB8E-4F1090A4BF51}.Release|x86.Build.0 = Release|Win32
		{64BF04A7-7700-4D3D-832C-F2E0C1B0EBF0}.Debug|x64.ActiveCfg = Debug|x64
		{64BF04A7-7700-4D3D-832C-F2E0C1B0EBF0}.Debug|x64.Build.0 = Debug|x64
		{64BF04A7-7700-4D3D-832C-F2E0C1B0EBF0}.Debug|x86.ActiveCfg = Debug|Win32
		{64BF04A7-7700-4D3D-832C-F2E0C1B0EBF0}.Debug|x86.Build.0 = Debug|Win32
		{64BF04A7-7700-4D3D-832C-F2E0C1B0EBF0}.Release|x64.ActiveCfg = Release|x64
		{64BF04A7-7700-4D3D-832C-F2E0C1B0EBF0}.Release|x64.Build.0 = Release|x64
		{64BF04A7-7700-4D3D-832C-F2E0C1B0EBF0}.Release|x86.ActiveCfg = Release|Win32
		{64BF04A7-7700-4D3D-832C-F2E0C1B0EBF0}.Release|x86.Build.0 = Release|Win32
	EndGlobalSection
	GlobalSection(SolutionProperties) = preSolution
		HideSolutionNode = FALSE
	EndGlobalSection
	GlobalSection(ExtensibilityGlobals) = postSolution
		SolutionGuid = {71A97A9C-A46B-4F8F-A744-BB3E548491A4}
	EndGlobalSection
EndGlobal
